// !$*UTF8*$!
{
	archiveVersion = 1;
	classes = {
	};
	objectVersion = 50;
	objects = {

/* Begin PBXBuildFile section */
		846C1CD026806E55008B0CEB /* AppDelegate.swift in Sources */ = {isa = PBXBuildFile; fileRef = 846C1CCF26806E55008B0CEB /* AppDelegate.swift */; };
		846C1CD226806E55008B0CEB /* SceneDelegate.swift in Sources */ = {isa = PBXBuildFile; fileRef = 846C1CD126806E55008B0CEB /* SceneDelegate.swift */; };
		846C1CD426806E55008B0CEB /* ViewController.swift in Sources */ = {isa = PBXBuildFile; fileRef = 846C1CD326806E55008B0CEB /* ViewController.swift */; };
		846C1CD726806E55008B0CEB /* Main.storyboard in Resources */ = {isa = PBXBuildFile; fileRef = 846C1CD526806E55008B0CEB /* Main.storyboard */; };
		846C1CDA26806E55008B0CEB /* TicTacToe.xcdatamodeld in Sources */ = {isa = PBXBuildFile; fileRef = 846C1CD826806E55008B0CEB /* TicTacToe.xcdatamodeld */; };
		846C1CDC26806E57008B0CEB /* Assets.xcassets in Resources */ = {isa = PBXBuildFile; fileRef = 846C1CDB26806E57008B0CEB /* Assets.xcassets */; };
		846C1CDF26806E57008B0CEB /* LaunchScreen.storyboard in Resources */ = {isa = PBXBuildFile; fileRef = 846C1CDD26806E57008B0CEB /* LaunchScreen.storyboard */; };
		846C1CEA26806E58008B0CEB /* TicTacToeTests.swift in Sources */ = {isa = PBXBuildFile; fileRef = 846C1CE926806E58008B0CEB /* TicTacToeTests.swift */; };
		846C1CF526806E58008B0CEB /* TicTacToeUITests.swift in Sources */ = {isa = PBXBuildFile; fileRef = 846C1CF426806E58008B0CEB /* TicTacToeUITests.swift */; };
/* End PBXBuildFile section */

/* Begin PBXContainerItemProxy section */
		846C1CE626806E58008B0CEB /* PBXContainerItemProxy */ = {
			isa = PBXContainerItemProxy;
			containerPortal = 846C1CC426806E55008B0CEB /* Project object */;
			proxyType = 1;
			remoteGlobalIDString = 846C1CCB26806E55008B0CEB;
			remoteInfo = TicTacToe;
		};
		846C1CF126806E58008B0CEB /* PBXContainerItemProxy */ = {
			isa = PBXContainerItemProxy;
			containerPortal = 846C1CC426806E55008B0CEB /* Project object */;
			proxyType = 1;
			remoteGlobalIDString = 846C1CCB26806E55008B0CEB;
			remoteInfo = TicTacToe;
		};
/* End PBXContainerItemProxy section */

/* Begin PBXFileReference section */
		846C1CCC26806E55008B0CEB /* TicTacToe.app */ = {isa = PBXFileReference; explicitFileType = wrapper.application; includeInIndex = 0; path = TicTacToe.app; sourceTree = BUILT_PRODUCTS_DIR; };
		846C1CCF26806E55008B0CEB /* AppDelegate.swift */ = {isa = PBXFileReference; lastKnownFileType = sourcecode.swift; path = AppDelegate.swift; sourceTree = "<group>"; };
		846C1CD126806E55008B0CEB /* SceneDelegate.swift */ = {isa = PBXFileReference; lastKnownFileType = sourcecode.swift; path = SceneDelegate.swift; sourceTree = "<group>"; };
		846C1CD326806E55008B0CEB /* ViewController.swift */ = {isa = PBXFileReference; lastKnownFileType = sourcecode.swift; path = ViewController.swift; sourceTree = "<group>"; };
		846C1CD626806E55008B0CEB /* Base */ = {isa = PBXFileReference; lastKnownFileType = file.storyboard; name = Base; path = Base.lproj/Main.storyboard; sourceTree = "<group>"; };
		846C1CD926806E55008B0CEB /* TicTacToe.xcdatamodel */ = {isa = PBXFileReference; lastKnownFileType = wrapper.xcdatamodel; path = TicTacToe.xcdatamodel; sourceTree = "<group>"; };
		846C1CDB26806E57008B0CEB /* Assets.xcassets */ = {isa = PBXFileReference; lastKnownFileType = folder.assetcatalog; path = Assets.xcassets; sourceTree = "<group>"; };
		846C1CDE26806E57008B0CEB /* Base */ = {isa = PBXFileReference; lastKnownFileType = file.storyboard; name = Base; path = Base.lproj/LaunchScreen.storyboard; sourceTree = "<group>"; };
		846C1CE026806E57008B0CEB /* Info.plist */ = {isa = PBXFileReference; lastKnownFileType = text.plist.xml; path = Info.plist; sourceTree = "<group>"; };
		846C1CE526806E58008B0CEB /* TicTacToeTests.xctest */ = {isa = PBXFileReference; explicitFileType = wrapper.cfbundle; includeInIndex = 0; path = TicTacToeTests.xctest; sourceTree = BUILT_PRODUCTS_DIR; };
		846C1CE926806E58008B0CEB /* TicTacToeTests.swift */ = {isa = PBXFileReference; lastKnownFileType = sourcecode.swift; path = TicTacToeTests.swift; sourceTree = "<group>"; };
		846C1CEB26806E58008B0CEB /* Info.plist */ = {isa = PBXFileReference; lastKnownFileType = text.plist.xml; path = Info.plist; sourceTree = "<group>"; };
		846C1CF026806E58008B0CEB /* TicTacToeUITests.xctest */ = {isa = PBXFileReference; explicitFileType = wrapper.cfbundle; includeInIndex = 0; path = TicTacToeUITests.xctest; sourceTree = BUILT_PRODUCTS_DIR; };
		846C1CF426806E58008B0CEB /* TicTacToeUITests.swift */ = {isa = PBXFileReference; lastKnownFileType = sourcecode.swift; path = TicTacToeUITests.swift; sourceTree = "<group>"; };
		846C1CF626806E58008B0CEB /* Info.plist */ = {isa = PBXFileReference; lastKnownFileType = text.plist.xml; path = Info.plist; sourceTree = "<group>"; };
/* End PBXFileReference section */

/* Begin PBXFrameworksBuildPhase section */
		846C1CC926806E55008B0CEB /* Frameworks */ = {
			isa = PBXFrameworksBuildPhase;
			buildActionMask = 2147483647;
			files = (
			);
			runOnlyForDeploymentPostprocessing = 0;
		};
		846C1CE226806E58008B0CEB /* Frameworks */ = {
			isa = PBXFrameworksBuildPhase;
			buildActionMask = 2147483647;
			files = (
			);
			runOnlyForDeploymentPostprocessing = 0;
		};
		846C1CED26806E58008B0CEB /* Frameworks */ = {
			isa = PBXFrameworksBuildPhase;
			buildActionMask = 2147483647;
			files = (
			);
			runOnlyForDeploymentPostprocessing = 0;
		};
/* End PBXFrameworksBuildPhase section */

/* Begin PBXGroup section */
		846C1CC326806E55008B0CEB = {
			isa = PBXGroup;
			children = (
				846C1CCE26806E55008B0CEB /* TicTacToe */,
				846C1CE826806E58008B0CEB /* TicTacToeTests */,
				846C1CF326806E58008B0CEB /* TicTacToeUITests */,
				846C1CCD26806E55008B0CEB /* Products */,
			);
			sourceTree = "<group>";
		};
		846C1CCD26806E55008B0CEB /* Products */ = {
			isa = PBXGroup;
			children = (
				846C1CCC26806E55008B0CEB /* TicTacToe.app */,
				846C1CE526806E58008B0CEB /* TicTacToeTests.xctest */,
				846C1CF026806E58008B0CEB /* TicTacToeUITests.xctest */,
			);
			name = Products;
			sourceTree = "<group>";
		};
		846C1CCE26806E55008B0CEB /* TicTacToe */ = {
			isa = PBXGroup;
			children = (
				846C1CCF26806E55008B0CEB /* AppDelegate.swift */,
				846C1CD126806E55008B0CEB /* SceneDelegate.swift */,
				846C1CD326806E55008B0CEB /* ViewController.swift */,
				846C1CD526806E55008B0CEB /* Main.storyboard */,
				846C1CDB26806E57008B0CEB /* Assets.xcassets */,
				846C1CDD26806E57008B0CEB /* LaunchScreen.storyboard */,
				846C1CE026806E57008B0CEB /* Info.plist */,
				846C1CD826806E55008B0CEB /* TicTacToe.xcdatamodeld */,
			);
			path = TicTacToe;
			sourceTree = "<group>";
		};
		846C1CE826806E58008B0CEB /* TicTacToeTests */ = {
			isa = PBXGroup;
			children = (
				846C1CE926806E58008B0CEB /* TicTacToeTests.swift */,
				846C1CEB26806E58008B0CEB /* Info.plist */,
			);
			path = TicTacToeTests;
			sourceTree = "<group>";
		};
		846C1CF326806E58008B0CEB /* TicTacToeUITests */ = {
			isa = PBXGroup;
			children = (
				846C1CF426806E58008B0CEB /* TicTacToeUITests.swift */,
				846C1CF626806E58008B0CEB /* Info.plist */,
			);
			path = TicTacToeUITests;
			sourceTree = "<group>";
		};
/* End PBXGroup section */

/* Begin PBXNativeTarget section */
		846C1CCB26806E55008B0CEB /* TicTacToe */ = {
			isa = PBXNativeTarget;
			buildConfigurationList = 846C1CF926806E58008B0CEB /* Build configuration list for PBXNativeTarget "TicTacToe" */;
			buildPhases = (
				846C1CC826806E55008B0CEB /* Sources */,
				846C1CC926806E55008B0CEB /* Frameworks */,
				846C1CCA26806E55008B0CEB /* Resources */,
			);
			buildRules = (
			);
			dependencies = (
			);
			name = TicTacToe;
			productName = TicTacToe;
			productReference = 846C1CCC26806E55008B0CEB /* TicTacToe.app */;
			productType = "com.apple.product-type.application";
		};
		846C1CE426806E58008B0CEB /* TicTacToeTests */ = {
			isa = PBXNativeTarget;
			buildConfigurationList = 846C1CFC26806E58008B0CEB /* Build configuration list for PBXNativeTarget "TicTacToeTests" */;
			buildPhases = (
				846C1CE126806E58008B0CEB /* Sources */,
				846C1CE226806E58008B0CEB /* Frameworks */,
				846C1CE326806E58008B0CEB /* Resources */,
			);
			buildRules = (
			);
			dependencies = (
				846C1CE726806E58008B0CEB /* PBXTargetDependency */,
			);
			name = TicTacToeTests;
			productName = TicTacToeTests;
			productReference = 846C1CE526806E58008B0CEB /* TicTacToeTests.xctest */;
			productType = "com.apple.product-type.bundle.unit-test";
		};
		846C1CEF26806E58008B0CEB /* TicTacToeUITests */ = {
			isa = PBXNativeTarget;
			buildConfigurationList = 846C1CFF26806E58008B0CEB /* Build configuration list for PBXNativeTarget "TicTacToeUITests" */;
			buildPhases = (
				846C1CEC26806E58008B0CEB /* Sources */,
				846C1CED26806E58008B0CEB /* Frameworks */,
				846C1CEE26806E58008B0CEB /* Resources */,
			);
			buildRules = (
			);
			dependencies = (
				846C1CF226806E58008B0CEB /* PBXTargetDependency */,
			);
			name = TicTacToeUITests;
			productName = TicTacToeUITests;
			productReference = 846C1CF026806E58008B0CEB /* TicTacToeUITests.xctest */;
			productType = "com.apple.product-type.bundle.ui-testing";
		};
/* End PBXNativeTarget section */

/* Begin PBXProject section */
		846C1CC426806E55008B0CEB /* Project object */ = {
			isa = PBXProject;
			attributes = {
				LastSwiftUpdateCheck = 1250;
				LastUpgradeCheck = 1250;
				TargetAttributes = {
					846C1CCB26806E55008B0CEB = {
						CreatedOnToolsVersion = 12.5;
					};
					846C1CE426806E58008B0CEB = {
						CreatedOnToolsVersion = 12.5;
						TestTargetID = 846C1CCB26806E55008B0CEB;
					};
					846C1CEF26806E58008B0CEB = {
						CreatedOnToolsVersion = 12.5;
						TestTargetID = 846C1CCB26806E55008B0CEB;
					};
				};
			};
			buildConfigurationList = 846C1CC726806E55008B0CEB /* Build configuration list for PBXProject "TicTacToe" */;
			compatibilityVersion = "Xcode 9.3";
			developmentRegion = en;
			hasScannedForEncodings = 0;
			knownRegions = (
				en,
				Base,
			);
			mainGroup = 846C1CC326806E55008B0CEB;
			productRefGroup = 846C1CCD26806E55008B0CEB /* Products */;
			projectDirPath = "";
			projectRoot = "";
			targets = (
				846C1CCB26806E55008B0CEB /* TicTacToe */,
				846C1CE426806E58008B0CEB /* TicTacToeTests */,
				846C1CEF26806E58008B0CEB /* TicTacToeUITests */,
			);
		};
/* End PBXProject section */

/* Begin PBXResourcesBuildPhase section */
		846C1CCA26806E55008B0CEB /* Resources */ = {
			isa = PBXResourcesBuildPhase;
			buildActionMask = 2147483647;
			files = (
				846C1CDF26806E57008B0CEB /* LaunchScreen.storyboard in Resources */,
				846C1CDC26806E57008B0CEB /* Assets.xcassets in Resources */,
				846C1CD726806E55008B0CEB /* Main.storyboard in Resources */,
			);
			runOnlyForDeploymentPostprocessing = 0;
		};
		846C1CE326806E58008B0CEB /* Resources */ = {
			isa = PBXResourcesBuildPhase;
			buildActionMask = 2147483647;
			files = (
			);
			runOnlyForDeploymentPostprocessing = 0;
		};
		846C1CEE26806E58008B0CEB /* Resources */ = {
			isa = PBXResourcesBuildPhase;
			buildActionMask = 2147483647;
			files = (
			);
			runOnlyForDeploymentPostprocessing = 0;
		};
/* End PBXResourcesBuildPhase section */

/* Begin PBXSourcesBuildPhase section */
		846C1CC826806E55008B0CEB /* Sources */ = {
			isa = PBXSourcesBuildPhase;
			buildActionMask = 2147483647;
			files = (
				846C1CD426806E55008B0CEB /* ViewController.swift in Sources */,
				846C1CD026806E55008B0CEB /* AppDelegate.swift in Sources */,
				846C1CDA26806E55008B0CEB /* TicTacToe.xcdatamodeld in Sources */,
				846C1CD226806E55008B0CEB /* SceneDelegate.swift in Sources */,
			);
			runOnlyForDeploymentPostprocessing = 0;
		};
		846C1CE126806E58008B0CEB /* Sources */ = {
			isa = PBXSourcesBuildPhase;
			buildActionMask = 2147483647;
			files = (
				846C1CEA26806E58008B0CEB /* TicTacToeTests.swift in Sources */,
			);
			runOnlyForDeploymentPostprocessing = 0;
		};
		846C1CEC26806E58008B0CEB /* Sources */ = {
			isa = PBXSourcesBuildPhase;
			buildActionMask = 2147483647;
			files = (
				846C1CF526806E58008B0CEB /* TicTacToeUITests.swift in Sources */,
			);
			runOnlyForDeploymentPostprocessing = 0;
		};
/* End PBXSourcesBuildPhase section */

/* Begin PBXTargetDependency section */
		846C1CE726806E58008B0CEB /* PBXTargetDependency */ = {
			isa = PBXTargetDependency;
			target = 846C1CCB26806E55008B0CEB /* TicTacToe */;
			targetProxy = 846C1CE626806E58008B0CEB /* PBXContainerItemProxy */;
		};
		846C1CF226806E58008B0CEB /* PBXTargetDependency */ = {
			isa = PBXTargetDependency;
			target = 846C1CCB26806E55008B0CEB /* TicTacToe */;
			targetProxy = 846C1CF126806E58008B0CEB /* PBXContainerItemProxy */;
		};
/* End PBXTargetDependency section */

/* Begin PBXVariantGroup section */
		846C1CD526806E55008B0CEB /* Main.storyboard */ = {
			isa = PBXVariantGroup;
			children = (
				846C1CD626806E55008B0CEB /* Base */,
			);
			name = Main.storyboard;
			sourceTree = "<group>";
		};
		846C1CDD26806E57008B0CEB /* LaunchScreen.storyboard */ = {
			isa = PBXVariantGroup;
			children = (
				846C1CDE26806E57008B0CEB /* Base */,
			);
			name = LaunchScreen.storyboard;
			sourceTree = "<group>";
		};
/* End PBXVariantGroup section */

/* Begin XCBuildConfiguration section */
		846C1CF726806E58008B0CEB /* Debug */ = {
			isa = XCBuildConfiguration;
			buildSettings = {
				ALWAYS_SEARCH_USER_PATHS = NO;
				CLANG_ANALYZER_NONNULL = YES;
				CLANG_ANALYZER_NUMBER_OBJECT_CONVERSION = YES_AGGRESSIVE;
				CLANG_CXX_LANGUAGE_STANDARD = "gnu++14";
				CLANG_CXX_LIBRARY = "libc++";
				CLANG_ENABLE_MODULES = YES;
				CLANG_ENABLE_OBJC_ARC = YES;
				CLANG_ENABLE_OBJC_WEAK = YES;
				CLANG_WARN_BLOCK_CAPTURE_AUTORELEASING = YES;
				CLANG_WARN_BOOL_CONVERSION = YES;
				CLANG_WARN_COMMA = YES;
				CLANG_WARN_CONSTANT_CONVERSION = YES;
				CLANG_WARN_DEPRECATED_OBJC_IMPLEMENTATIONS = YES;
				CLANG_WARN_DIRECT_OBJC_ISA_USAGE = YES_ERROR;
				CLANG_WARN_DOCUMENTATION_COMMENTS = YES;
				CLANG_WARN_EMPTY_BODY = YES;
				CLANG_WARN_ENUM_CONVERSION = YES;
				CLANG_WARN_INFINITE_RECURSION = YES;
				CLANG_WARN_INT_CONVERSION = YES;
				CLANG_WARN_NON_LITERAL_NULL_CONVERSION = YES;
				CLANG_WARN_OBJC_IMPLICIT_RETAIN_SELF = YES;
				CLANG_WARN_OBJC_LITERAL_CONVERSION = YES;
				CLANG_WARN_OBJC_ROOT_CLASS = YES_ERROR;
				CLANG_WARN_QUOTED_INCLUDE_IN_FRAMEWORK_HEADER = YES;
				CLANG_WARN_RANGE_LOOP_ANALYSIS = YES;
				CLANG_WARN_STRICT_PROTOTYPES = YES;
				CLANG_WARN_SUSPICIOUS_MOVE = YES;
				CLANG_WARN_UNGUARDED_AVAILABILITY = YES_AGGRESSIVE;
				CLANG_WARN_UNREACHABLE_CODE = YES;
				CLANG_WARN__DUPLICATE_METHOD_MATCH = YES;
				COPY_PHASE_STRIP = NO;
				DEBUG_INFORMATION_FORMAT = dwarf;
				ENABLE_STRICT_OBJC_MSGSEND = YES;
				ENABLE_TESTABILITY = YES;
				GCC_C_LANGUAGE_STANDARD = gnu11;
				GCC_DYNAMIC_NO_PIC = NO;
				GCC_NO_COMMON_BLOCKS = YES;
				GCC_OPTIMIZATION_LEVEL = 0;
				GCC_PREPROCESSOR_DEFINITIONS = (
					"DEBUG=1",
					"$(inherited)",
				);
				GCC_WARN_64_TO_32_BIT_CONVERSION = YES;
				GCC_WARN_ABOUT_RETURN_TYPE = YES_ERROR;
				GCC_WARN_UNDECLARED_SELECTOR = YES;
				GCC_WARN_UNINITIALIZED_AUTOS = YES_AGGRESSIVE;
				GCC_WARN_UNUSED_FUNCTION = YES;
				GCC_WARN_UNUSED_VARIABLE = YES;
				IPHONEOS_DEPLOYMENT_TARGET = 14.5;
				MTL_ENABLE_DEBUG_INFO = INCLUDE_SOURCE;
				MTL_FAST_MATH = YES;
				ONLY_ACTIVE_ARCH = YES;
				SDKROOT = iphoneos;
				SWIFT_ACTIVE_COMPILATION_CONDITIONS = DEBUG;
				SWIFT_OPTIMIZATION_LEVEL = "-Onone";
			};
			name = Debug;
		};
		846C1CF826806E58008B0CEB /* Release */ = {
			isa = XCBuildConfiguration;
			buildSettings = {
				ALWAYS_SEARCH_USER_PATHS = NO;
				CLANG_ANALYZER_NONNULL = YES;
				CLANG_ANALYZER_NUMBER_OBJECT_CONVERSION = YES_AGGRESSIVE;
				CLANG_CXX_LANGUAGE_STANDARD = "gnu++14";
				CLANG_CXX_LIBRARY = "libc++";
				CLANG_ENABLE_MODULES = YES;
				CLANG_ENABLE_OBJC_ARC = YES;
				CLANG_ENABLE_OBJC_WEAK = YES;
				CLANG_WARN_BLOCK_CAPTURE_AUTORELEASING = YES;
				CLANG_WARN_BOOL_CONVERSION = YES;
				CLANG_WARN_COMMA = YES;
				CLANG_WARN_CONSTANT_CONVERSION = YES;
				CLANG_WARN_DEPRECATED_OBJC_IMPLEMENTATIONS = YES;
				CLANG_WARN_DIRECT_OBJC_ISA_USAGE = YES_ERROR;
				CLANG_WARN_DOCUMENTATION_COMMENTS = YES;
				CLANG_WARN_EMPTY_BODY = YES;
				CLANG_WARN_ENUM_CONVERSION = YES;
				CLANG_WARN_INFINITE_RECURSION = YES;
				CLANG_WARN_INT_CONVERSION = YES;
				CLANG_WARN_NON_LITERAL_NULL_CONVERSION = YES;
				CLANG_WARN_OBJC_IMPLICIT_RETAIN_SELF = YES;
				CLANG_WARN_OBJC_LITERAL_CONVERSION = YES;
				CLANG_WARN_OBJC_ROOT_CLASS = YES_ERROR;
				CLANG_WARN_QUOTED_INCLUDE_IN_FRAMEWORK_HEADER = YES;
				CLANG_WARN_RANGE_LOOP_ANALYSIS = YES;
				CLANG_WARN_STRICT_PROTOTYPES = YES;
				CLANG_WARN_SUSPICIOUS_MOVE = YES;
				CLANG_WARN_UNGUARDED_AVAILABILITY = YES_AGGRESSIVE;
				CLANG_WARN_UNREACHABLE_CODE = YES;
				CLANG_WARN__DUPLICATE_METHOD_MATCH = YES;
				COPY_PHASE_STRIP = NO;
				DEBUG_INFORMATION_FORMAT = "dwarf-with-dsym";
				ENABLE_NS_ASSERTIONS = NO;
				ENABLE_STRICT_OBJC_MSGSEND = YES;
				GCC_C_LANGUAGE_STANDARD = gnu11;
				GCC_NO_COMMON_BLOCKS = YES;
				GCC_WARN_64_TO_32_BIT_CONVERSION = YES;
				GCC_WARN_ABOUT_RETURN_TYPE = YES_ERROR;
				GCC_WARN_UNDECLARED_SELECTOR = YES;
				GCC_WARN_UNINITIALIZED_AUTOS = YES_AGGRESSIVE;
				GCC_WARN_UNUSED_FUNCTION = YES;
				GCC_WARN_UNUSED_VARIABLE = YES;
				IPHONEOS_DEPLOYMENT_TARGET = 14.5;
				MTL_ENABLE_DEBUG_INFO = NO;
				MTL_FAST_MATH = YES;
				SDKROOT = iphoneos;
				SWIFT_COMPILATION_MODE = wholemodule;
				SWIFT_OPTIMIZATION_LEVEL = "-O";
				VALIDATE_PRODUCT = YES;
			};
			name = Release;
		};
		846C1CFA26806E58008B0CEB /* Debug */ = {
			isa = XCBuildConfiguration;
			buildSettings = {
				ASSETCATALOG_COMPILER_APPICON_NAME = AppIcon;
				ASSETCATALOG_COMPILER_GLOBAL_ACCENT_COLOR_NAME = AccentColor;
				CODE_SIGN_STYLE = Automatic;
				DEVELOPMENT_TEAM = DBVM6PR396;
				INFOPLIST_FILE = TicTacToe/Info.plist;
				LD_RUNPATH_SEARCH_PATHS = (
					"$(inherited)",
					"@executable_path/Frameworks",
				);
				PRODUCT_BUNDLE_IDENTIFIER = be.jmdev.TicTacToe;
				PRODUCT_NAME = "$(TARGET_NAME)";
				SWIFT_VERSION = 5.0;
				TARGETED_DEVICE_FAMILY = "1,2";
			};
			name = Debug;
		};
		846C1CFB26806E58008B0CEB /* Release */ = {
			isa = XCBuildConfiguration;
			buildSettings = {
				ASSETCATALOG_COMPILER_APPICON_NAME = AppIcon;
				ASSETCATALOG_COMPILER_GLOBAL_ACCENT_COLOR_NAME = AccentColor;
				CODE_SIGN_STYLE = Automatic;
				DEVELOPMENT_TEAM = DBVM6PR396;
				INFOPLIST_FILE = TicTacToe/Info.plist;
				LD_RUNPATH_SEARCH_PATHS = (
					"$(inherited)",
					"@executable_path/Frameworks",
				);
				PRODUCT_BUNDLE_IDENTIFIER = be.jmdev.TicTacToe;
				PRODUCT_NAME = "$(TARGET_NAME)";
				SWIFT_VERSION = 5.0;
				TARGETED_DEVICE_FAMILY = "1,2";
			};
			name = Release;
		};
		846C1CFD26806E58008B0CEB /* Debug */ = {
			isa = XCBuildConfiguration;
			buildSettings = {
				ALWAYS_EMBED_SWIFT_STANDARD_LIBRARIES = YES;
				BUNDLE_LOADER = "$(TEST_HOST)";
				CODE_SIGN_STYLE = Automatic;
				DEVELOPMENT_TEAM = DBVM6PR396;
				INFOPLIST_FILE = TicTacToeTests/Info.plist;
				IPHONEOS_DEPLOYMENT_TARGET = 14.5;
				LD_RUNPATH_SEARCH_PATHS = (
					"$(inherited)",
					"@executable_path/Frameworks",
					"@loader_path/Frameworks",
				);
				PRODUCT_BUNDLE_IDENTIFIER = be.jmdev.TicTacToeTests;
				PRODUCT_NAME = "$(TARGET_NAME)";
				SWIFT_VERSION = 5.0;
				TARGETED_DEVICE_FAMILY = "1,2";
				TEST_HOST = "$(BUILT_PRODUCTS_DIR)/TicTacToe.app/TicTacToe";
			};
			name = Debug;
		};
		846C1CFE26806E58008B0CEB /* Release */ = {
			isa = XCBuildConfiguration;
			buildSettings = {
				ALWAYS_EMBED_SWIFT_STANDARD_LIBRARIES = YES;
				BUNDLE_LOADER = "$(TEST_HOST)";
				CODE_SIGN_STYLE = Automatic;
				DEVELOPMENT_TEAM = DBVM6PR396;
				INFOPLIST_FILE = TicTacToeTests/Info.plist;
				IPHONEOS_DEPLOYMENT_TARGET = 14.5;
				LD_RUNPATH_SEARCH_PATHS = (
					"$(inherited)",
					"@executable_path/Frameworks",
					"@loader_path/Frameworks",
				);
				PRODUCT_BUNDLE_IDENTIFIER = be.jmdev.TicTacToeTests;
				PRODUCT_NAME = "$(TARGET_NAME)";
				SWIFT_VERSION = 5.0;
				TARGETED_DEVICE_FAMILY = "1,2";
				TEST_HOST = "$(BUILT_PRODUCTS_DIR)/TicTacToe.app/TicTacToe";
			};
			name = Release;
		};
		846C1D0026806E58008B0CEB /* Debug */ = {
			isa = XCBuildConfiguration;
			buildSettings = {
				ALWAYS_EMBED_SWIFT_STANDARD_LIBRARIES = YES;
				CODE_SIGN_STYLE = Automatic;
				DEVELOPMENT_TEAM = DBVM6PR396;
				INFOPLIST_FILE = TicTacToeUITests/Info.plist;
				LD_RUNPATH_SEARCH_PATHS = (
					"$(inherited)",
					"@executable_path/Frameworks",
					"@loader_path/Frameworks",
				);
				PRODUCT_BUNDLE_IDENTIFIER = be.jmdev.TicTacToeUITests;
				PRODUCT_NAME = "$(TARGET_NAME)";
				SWIFT_VERSION = 5.0;
				TARGETED_DEVICE_FAMILY = "1,2";
				TEST_TARGET_NAME = TicTacToe;
			};
			name = Debug;
		};
		846C1D0126806E58008B0CEB /* Release */ = {
			isa = XCBuildConfiguration;
			buildSettings = {
				ALWAYS_EMBED_SWIFT_STANDARD_LIBRARIES = YES;
				CODE_SIGN_STYLE = Automatic;
				DEVELOPMENT_TEAM = DBVM6PR396;
				INFOPLIST_FILE = TicTacToeUITests/Info.plist;
				LD_RUNPATH_SEARCH_PATHS = (
					"$(inherited)",
					"@executable_path/Frameworks",
					"@loader_path/Frameworks",
				);
				PRODUCT_BUNDLE_IDENTIFIER = be.jmdev.TicTacToeUITests;
				PRODUCT_NAME = "$(TARGET_NAME)";
				SWIFT_VERSION = 5.0;
				TARGETED_DEVICE_FAMILY = "1,2";
				TEST_TARGET_NAME = TicTacToe;
			};
			name = Release;
		};
/* End XCBuildConfiguration section */

/* Begin XCConfigurationList section */
		846C1CC726806E55008B0CEB /* Build configuration list for PBXProject "TicTacToe" */ = {
			isa = XCConfigurationList;
			buildConfigurations = (
				846C1CF726806E58008B0CEB /* Debug */,
				846C1CF826806E58008B0CEB /* Release */,
			);
			defaultConfigurationIsVisible = 0;
			defaultConfigurationName = Release;
		};
		846C1CF926806E58008B0CEB /* Build configuration list for PBXNativeTarget "TicTacToe" */ = {
			isa = XCConfigurationList;
			buildConfigurations = (
				846C1CFA26806E58008B0CEB /* Debug */,
				846C1CFB26806E58008B0CEB /* Release */,
			);
			defaultConfigurationIsVisible = 0;
			defaultConfigurationName = Release;
		};
		846C1CFC26806E58008B0CEB /* Build configuration list for PBXNativeTarget "TicTacToeTests" */ = {
			isa = XCConfigurationList;
			buildConfigurations = (
				846C1CFD26806E58008B0CEB /* Debug */,
				846C1CFE26806E58008B0CEB /* Release */,
			);
			defaultConfigurationIsVisible = 0;
			defaultConfigurationName = Release;
		};
		846C1CFF26806E58008B0CEB /* Build configuration list for PBXNativeTarget "TicTacToeUITests" */ = {
			isa = XCConfigurationList;
			buildConfigurations = (
				846C1D0026806E58008B0CEB /* Debug */,
				846C1D0126806E58008B0CEB /* Release */,
			);
			defaultConfigurationIsVisible = 0;
			defaultConfigurationName = Release;
		};
/* End XCConfigurationList section */

/* Begin XCVersionGroup section */
		846C1CD826806E55008B0CEB /* TicTacToe.xcdatamodeld */ = {
			isa = XCVersionGroup;
			children = (
				846C1CD926806E55008B0CEB /* TicTacToe.xcdatamodel */,
			);
			currentVersion = 846C1CD926806E55008B0CEB /* TicTacToe.xcdatamodel */;
			path = TicTacToe.xcdatamodeld;
			sourceTree = "<group>";
			versionGroupType = wrapper.xcdatamodel;
		};
/* End XCVersionGroup section */
	};
	rootObject = 846C1CC426806E55008B0CEB /* Project object */;
}
